// !$*UTF8*$!
{
	archiveVersion = 1;
	classes = {
	};
	objectVersion = 56;
	objects = {

/* Begin PBXBuildFile section */
		C9B6C6762AD9DF9600D470DF /* LandmarksApp.swift in Sources */ = {isa = PBXBuildFile; fileRef = C9B6C6752AD9DF9600D470DF /* LandmarksApp.swift */; };
		C9B6C6782AD9DF9600D470DF /* ContentView.swift in Sources */ = {isa = PBXBuildFile; fileRef = C9B6C6772AD9DF9600D470DF /* ContentView.swift */; };
		C9B6C67A2AD9DF9900D470DF /* Assets.xcassets in Resources */ = {isa = PBXBuildFile; fileRef = C9B6C6792AD9DF9900D470DF /* Assets.xcassets */; };
		C9B6C67D2AD9DF9900D470DF /* Preview Assets.xcassets in Resources */ = {isa = PBXBuildFile; fileRef = C9B6C67C2AD9DF9900D470DF /* Preview Assets.xcassets */; };
		C9B6C6872AD9DF9900D470DF /* LandmarksTests.swift in Sources */ = {isa = PBXBuildFile; fileRef = C9B6C6862AD9DF9900D470DF /* LandmarksTests.swift */; };
		C9B6C6912AD9DF9900D470DF /* LandmarksUITests.swift in Sources */ = {isa = PBXBuildFile; fileRef = C9B6C6902AD9DF9900D470DF /* LandmarksUITests.swift */; };
		C9B6C6932AD9DF9900D470DF /* LandmarksUITestsLaunchTests.swift in Sources */ = {isa = PBXBuildFile; fileRef = C9B6C6922AD9DF9900D470DF /* LandmarksUITestsLaunchTests.swift */; };
		C9B6C6A22ADA08C300D470DF /* CircleImage.swift in Sources */ = {isa = PBXBuildFile; fileRef = C9B6C6A12ADA08C300D470DF /* CircleImage.swift */; };
		C9B6C6A42ADA0AFF00D470DF /* MapView.swift in Sources */ = {isa = PBXBuildFile; fileRef = C9B6C6A32ADA0AFF00D470DF /* MapView.swift */; };
		C9B6C6A62ADA149D00D470DF /* landmarkData.json in Resources */ = {isa = PBXBuildFile; fileRef = C9B6C6A52ADA149D00D470DF /* landmarkData.json */; };
		C9B6C6A82ADA14D700D470DF /* Landmark.swift in Sources */ = {isa = PBXBuildFile; fileRef = C9B6C6A72ADA14D700D470DF /* Landmark.swift */; };
		C9B6C6AA2ADA180D00D470DF /* ModelData.swift in Sources */ = {isa = PBXBuildFile; fileRef = C9B6C6A92ADA180D00D470DF /* ModelData.swift */; };
		C9B6C6AF2ADA1BE900D470DF /* LandmarkRow.swift in Sources */ = {isa = PBXBuildFile; fileRef = C9B6C6AE2ADA1BE900D470DF /* LandmarkRow.swift */; };
		C9B6C6B12ADA1F3700D470DF /* LandmarkList.swift in Sources */ = {isa = PBXBuildFile; fileRef = C9B6C6B02ADA1F3700D470DF /* LandmarkList.swift */; };
		C9B6C6B32ADA216C00D470DF /* LandmarkDetail.swift in Sources */ = {isa = PBXBuildFile; fileRef = C9B6C6B22ADA216C00D470DF /* LandmarkDetail.swift */; };
		C9B6C6B52ADA446400D470DF /* FavoriteButton.swift in Sources */ = {isa = PBXBuildFile; fileRef = C9B6C6B42ADA446400D470DF /* FavoriteButton.swift */; };
/* End PBXBuildFile section */

/* Begin PBXContainerItemProxy section */
		C9B6C6832AD9DF9900D470DF /* PBXContainerItemProxy */ = {
			isa = PBXContainerItemProxy;
			containerPortal = C9B6C66A2AD9DF9600D470DF /* Project object */;
			proxyType = 1;
			remoteGlobalIDString = C9B6C6712AD9DF9600D470DF;
			remoteInfo = Landmarks;
		};
		C9B6C68D2AD9DF9900D470DF /* PBXContainerItemProxy */ = {
			isa = PBXContainerItemProxy;
			containerPortal = C9B6C66A2AD9DF9600D470DF /* Project object */;
			proxyType = 1;
			remoteGlobalIDString = C9B6C6712AD9DF9600D470DF;
			remoteInfo = Landmarks;
		};
/* End PBXContainerItemProxy section */

/* Begin PBXFileReference section */
		C9B6C6722AD9DF9600D470DF /* Landmarks.app */ = {isa = PBXFileReference; explicitFileType = wrapper.application; includeInIndex = 0; path = Landmarks.app; sourceTree = BUILT_PRODUCTS_DIR; };
		C9B6C6752AD9DF9600D470DF /* LandmarksApp.swift */ = {isa = PBXFileReference; lastKnownFileType = sourcecode.swift; path = LandmarksApp.swift; sourceTree = "<group>"; };
		C9B6C6772AD9DF9600D470DF /* ContentView.swift */ = {isa = PBXFileReference; lastKnownFileType = sourcecode.swift; path = ContentView.swift; sourceTree = "<group>"; };
		C9B6C6792AD9DF9900D470DF /* Assets.xcassets */ = {isa = PBXFileReference; lastKnownFileType = folder.assetcatalog; path = Assets.xcassets; sourceTree = "<group>"; };
		C9B6C67C2AD9DF9900D470DF /* Preview Assets.xcassets */ = {isa = PBXFileReference; lastKnownFileType = folder.assetcatalog; path = "Preview Assets.xcassets"; sourceTree = "<group>"; };
		C9B6C6822AD9DF9900D470DF /* LandmarksTests.xctest */ = {isa = PBXFileReference; explicitFileType = wrapper.cfbundle; includeInIndex = 0; path = LandmarksTests.xctest; sourceTree = BUILT_PRODUCTS_DIR; };
		C9B6C6862AD9DF9900D470DF /* LandmarksTests.swift */ = {isa = PBXFileReference; lastKnownFileType = sourcecode.swift; path = LandmarksTests.swift; sourceTree = "<group>"; };
		C9B6C68C2AD9DF9900D470DF /* LandmarksUITests.xctest */ = {isa = PBXFileReference; explicitFileType = wrapper.cfbundle; includeInIndex = 0; path = LandmarksUITests.xctest; sourceTree = BUILT_PRODUCTS_DIR; };
		C9B6C6902AD9DF9900D470DF /* LandmarksUITests.swift */ = {isa = PBXFileReference; lastKnownFileType = sourcecode.swift; path = LandmarksUITests.swift; sourceTree = "<group>"; };
		C9B6C6922AD9DF9900D470DF /* LandmarksUITestsLaunchTests.swift */ = {isa = PBXFileReference; lastKnownFileType = sourcecode.swift; path = LandmarksUITestsLaunchTests.swift; sourceTree = "<group>"; };
		C9B6C6A12ADA08C300D470DF /* CircleImage.swift */ = {isa = PBXFileReference; lastKnownFileType = sourcecode.swift; path = CircleImage.swift; sourceTree = "<group>"; };
		C9B6C6A32ADA0AFF00D470DF /* MapView.swift */ = {isa = PBXFileReference; lastKnownFileType = sourcecode.swift; path = MapView.swift; sourceTree = "<group>"; };
		C9B6C6A52ADA149D00D470DF /* landmarkData.json */ = {isa = PBXFileReference; fileEncoding = 4; lastKnownFileType = text.json; path = landmarkData.json; sourceTree = "<group>"; };
		C9B6C6A72ADA14D700D470DF /* Landmark.swift */ = {isa = PBXFileReference; lastKnownFileType = sourcecode.swift; path = Landmark.swift; sourceTree = "<group>"; };
		C9B6C6A92ADA180D00D470DF /* ModelData.swift */ = {isa = PBXFileReference; lastKnownFileType = sourcecode.swift; path = ModelData.swift; sourceTree = "<group>"; };
		C9B6C6AE2ADA1BE900D470DF /* LandmarkRow.swift */ = {isa = PBXFileReference; lastKnownFileType = sourcecode.swift; path = LandmarkRow.swift; sourceTree = "<group>"; };
		C9B6C6B02ADA1F3700D470DF /* LandmarkList.swift */ = {isa = PBXFileReference; lastKnownFileType = sourcecode.swift; path = LandmarkList.swift; sourceTree = "<group>"; };
		C9B6C6B22ADA216C00D470DF /* LandmarkDetail.swift */ = {isa = PBXFileReference; lastKnownFileType = sourcecode.swift; path = LandmarkDetail.swift; sourceTree = "<group>"; };
		C9B6C6B42ADA446400D470DF /* FavoriteButton.swift */ = {isa = PBXFileReference; lastKnownFileType = sourcecode.swift; path = FavoriteButton.swift; sourceTree = "<group>"; };
/* End PBXFileReference section */

/* Begin PBXFrameworksBuildPhase section */
		C9B6C66F2AD9DF9600D470DF /* Frameworks */ = {
			isa = PBXFrameworksBuildPhase;
			buildActionMask = 2147483647;
			files = (
			);
			runOnlyForDeploymentPostprocessing = 0;
		};
		C9B6C67F2AD9DF9900D470DF /* Frameworks */ = {
			isa = PBXFrameworksBuildPhase;
			buildActionMask = 2147483647;
			files = (
			);
			runOnlyForDeploymentPostprocessing = 0;
		};
		C9B6C6892AD9DF9900D470DF /* Frameworks */ = {
			isa = PBXFrameworksBuildPhase;
			buildActionMask = 2147483647;
			files = (
			);
			runOnlyForDeploymentPostprocessing = 0;
		};
/* End PBXFrameworksBuildPhase section */

/* Begin PBXGroup section */
		C9B6C6692AD9DF9600D470DF = {
			isa = PBXGroup;
			children = (
				C9B6C6742AD9DF9600D470DF /* Landmarks */,
				C9B6C6852AD9DF9900D470DF /* LandmarksTests */,
				C9B6C68F2AD9DF9900D470DF /* LandmarksUITests */,
				C9B6C6732AD9DF9600D470DF /* Products */,
			);
			sourceTree = "<group>";
		};
		C9B6C6732AD9DF9600D470DF /* Products */ = {
			isa = PBXGroup;
			children = (
				C9B6C6722AD9DF9600D470DF /* Landmarks.app */,
				C9B6C6822AD9DF9900D470DF /* LandmarksTests.xctest */,
				C9B6C68C2AD9DF9900D470DF /* LandmarksUITests.xctest */,
			);
			name = Products;
			sourceTree = "<group>";
		};
		C9B6C6742AD9DF9600D470DF /* Landmarks */ = {
			isa = PBXGroup;
			children = (
				C9B6C6752AD9DF9600D470DF /* LandmarksApp.swift */,
				C9B6C6AC2ADA1B1C00D470DF /* Views */,
				C9B6C6AB2ADA1AF400D470DF /* Model */,
				C9B6C6792AD9DF9900D470DF /* Assets.xcassets */,
				C9B6C6AD2ADA1B4300D470DF /* Resources */,
				C9B6C67B2AD9DF9900D470DF /* Preview Content */,
			);
			path = Landmarks;
			sourceTree = "<group>";
		};
		C9B6C67B2AD9DF9900D470DF /* Preview Content */ = {
			isa = PBXGroup;
			children = (
				C9B6C67C2AD9DF9900D470DF /* Preview Assets.xcassets */,
			);
			path = "Preview Content";
			sourceTree = "<group>";
		};
		C9B6C6852AD9DF9900D470DF /* LandmarksTests */ = {
			isa = PBXGroup;
			children = (
				C9B6C6862AD9DF9900D470DF /* LandmarksTests.swift */,
			);
			path = LandmarksTests;
			sourceTree = "<group>";
		};
		C9B6C68F2AD9DF9900D470DF /* LandmarksUITests */ = {
			isa = PBXGroup;
			children = (
				C9B6C6902AD9DF9900D470DF /* LandmarksUITests.swift */,
				C9B6C6922AD9DF9900D470DF /* LandmarksUITestsLaunchTests.swift */,
			);
			path = LandmarksUITests;
			sourceTree = "<group>";
		};
		C9B6C6AB2ADA1AF400D470DF /* Model */ = {
			isa = PBXGroup;
			children = (
				C9B6C6A72ADA14D700D470DF /* Landmark.swift */,
				C9B6C6A92ADA180D00D470DF /* ModelData.swift */,
			);
			path = Model;
			sourceTree = "<group>";
		};
		C9B6C6AC2ADA1B1C00D470DF /* Views */ = {
			isa = PBXGroup;
			children = (
				C9B6C6772AD9DF9600D470DF /* ContentView.swift */,
				C9B6C6B62ADA45ED00D470DF /* Helpers */,
				C9B6C6B72ADA463B00D470DF /* Landmarks */,
			);
			path = Views;
			sourceTree = "<group>";
		};
		C9B6C6AD2ADA1B4300D470DF /* Resources */ = {
			isa = PBXGroup;
			children = (
				C9B6C6A52ADA149D00D470DF /* landmarkData.json */,
			);
			path = Resources;
			sourceTree = "<group>";
		};
		C9B6C6B62ADA45ED00D470DF /* Helpers */ = {
			isa = PBXGroup;
			children = (
				C9B6C6A32ADA0AFF00D470DF /* MapView.swift */,
				C9B6C6A12ADA08C300D470DF /* CircleImage.swift */,
				C9B6C6B42ADA446400D470DF /* FavoriteButton.swift */,
			);
			path = Helpers;
			sourceTree = "<group>";
		};
		C9B6C6B72ADA463B00D470DF /* Landmarks */ = {
			isa = PBXGroup;
			children = (
				C9B6C6AE2ADA1BE900D470DF /* LandmarkRow.swift */,
				C9B6C6B02ADA1F3700D470DF /* LandmarkList.swift */,
				C9B6C6B22ADA216C00D470DF /* LandmarkDetail.swift */,
			);
			path = Landmarks;
			sourceTree = "<group>";
		};
/* End PBXGroup section */

/* Begin PBXNativeTarget section */
		C9B6C6712AD9DF9600D470DF /* Landmarks */ = {
			isa = PBXNativeTarget;
			buildConfigurationList = C9B6C6962AD9DF9A00D470DF /* Build configuration list for PBXNativeTarget "Landmarks" */;
			buildPhases = (
				C9B6C66E2AD9DF9600D470DF /* Sources */,
				C9B6C66F2AD9DF9600D470DF /* Frameworks */,
				C9B6C6702AD9DF9600D470DF /* Resources */,
			);
			buildRules = (
			);
			dependencies = (
			);
			name = Landmarks;
			productName = Landmarks;
			productReference = C9B6C6722AD9DF9600D470DF /* Landmarks.app */;
			productType = "com.apple.product-type.application";
		};
		C9B6C6812AD9DF9900D470DF /* LandmarksTests */ = {
			isa = PBXNativeTarget;
			buildConfigurationList = C9B6C6992AD9DF9A00D470DF /* Build configuration list for PBXNativeTarget "LandmarksTests" */;
			buildPhases = (
				C9B6C67E2AD9DF9900D470DF /* Sources */,
				C9B6C67F2AD9DF9900D470DF /* Frameworks */,
				C9B6C6802AD9DF9900D470DF /* Resources */,
			);
			buildRules = (
			);
			dependencies = (
				C9B6C6842AD9DF9900D470DF /* PBXTargetDependency */,
			);
			name = LandmarksTests;
			productName = LandmarksTests;
			productReference = C9B6C6822AD9DF9900D470DF /* LandmarksTests.xctest */;
			productType = "com.apple.product-type.bundle.unit-test";
		};
		C9B6C68B2AD9DF9900D470DF /* LandmarksUITests */ = {
			isa = PBXNativeTarget;
			buildConfigurationList = C9B6C69C2AD9DF9A00D470DF /* Build configuration list for PBXNativeTarget "LandmarksUITests" */;
			buildPhases = (
				C9B6C6882AD9DF9900D470DF /* Sources */,
				C9B6C6892AD9DF9900D470DF /* Frameworks */,
				C9B6C68A2AD9DF9900D470DF /* Resources */,
			);
			buildRules = (
			);
			dependencies = (
				C9B6C68E2AD9DF9900D470DF /* PBXTargetDependency */,
			);
			name = LandmarksUITests;
			productName = LandmarksUITests;
			productReference = C9B6C68C2AD9DF9900D470DF /* LandmarksUITests.xctest */;
			productType = "com.apple.product-type.bundle.ui-testing";
		};
/* End PBXNativeTarget section */

/* Begin PBXProject section */
		C9B6C66A2AD9DF9600D470DF /* Project object */ = {
			isa = PBXProject;
			attributes = {
				BuildIndependentTargetsInParallel = 1;
				LastSwiftUpdateCheck = 1500;
				LastUpgradeCheck = 1500;
				TargetAttributes = {
					C9B6C6712AD9DF9600D470DF = {
						CreatedOnToolsVersion = 15.0;
					};
					C9B6C6812AD9DF9900D470DF = {
						CreatedOnToolsVersion = 15.0;
						TestTargetID = C9B6C6712AD9DF9600D470DF;
					};
					C9B6C68B2AD9DF9900D470DF = {
						CreatedOnToolsVersion = 15.0;
						TestTargetID = C9B6C6712AD9DF9600D470DF;
					};
				};
			};
			buildConfigurationList = C9B6C66D2AD9DF9600D470DF /* Build configuration list for PBXProject "Landmarks" */;
			compatibilityVersion = "Xcode 14.0";
			developmentRegion = en;
			hasScannedForEncodings = 0;
			knownRegions = (
				en,
				Base,
			);
			mainGroup = C9B6C6692AD9DF9600D470DF;
			productRefGroup = C9B6C6732AD9DF9600D470DF /* Products */;
			projectDirPath = "";
			projectRoot = "";
			targets = (
				C9B6C6712AD9DF9600D470DF /* Landmarks */,
				C9B6C6812AD9DF9900D470DF /* LandmarksTests */,
				C9B6C68B2AD9DF9900D470DF /* LandmarksUITests */,
			);
		};
/* End PBXProject section */

/* Begin PBXResourcesBuildPhase section */
		C9B6C6702AD9DF9600D470DF /* Resources */ = {
			isa = PBXResourcesBuildPhase;
			buildActionMask = 2147483647;
			files = (
				C9B6C67D2AD9DF9900D470DF /* Preview Assets.xcassets in Resources */,
				C9B6C67A2AD9DF9900D470DF /* Assets.xcassets in Resources */,
				C9B6C6A62ADA149D00D470DF /* landmarkData.json in Resources */,
			);
			runOnlyForDeploymentPostprocessing = 0;
		};
		C9B6C6802AD9DF9900D470DF /* Resources */ = {
			isa = PBXResourcesBuildPhase;
			buildActionMask = 2147483647;
			files = (
			);
			runOnlyForDeploymentPostprocessing = 0;
		};
		C9B6C68A2AD9DF9900D470DF /* Resources */ = {
			isa = PBXResourcesBuildPhase;
			buildActionMask = 2147483647;
			files = (
			);
			runOnlyForDeploymentPostprocessing = 0;
		};
/* End PBXResourcesBuildPhase section */

/* Begin PBXSourcesBuildPhase section */
		C9B6C66E2AD9DF9600D470DF /* Sources */ = {
			isa = PBXSourcesBuildPhase;
			buildActionMask = 2147483647;
			files = (
				C9B6C6782AD9DF9600D470DF /* ContentView.swift in Sources */,
				C9B6C6A42ADA0AFF00D470DF /* MapView.swift in Sources */,
				C9B6C6762AD9DF9600D470DF /* LandmarksApp.swift in Sources */,
				C9B6C6B52ADA446400D470DF /* FavoriteButton.swift in Sources */,
				C9B6C6B12ADA1F3700D470DF /* LandmarkList.swift in Sources */,
				C9B6C6B32ADA216C00D470DF /* LandmarkDetail.swift in Sources */,
				C9B6C6A22ADA08C300D470DF /* CircleImage.swift in Sources */,
				C9B6C6A82ADA14D700D470DF /* Landmark.swift in Sources */,
				C9B6C6AF2ADA1BE900D470DF /* LandmarkRow.swift in Sources */,
				C9B6C6AA2ADA180D00D470DF /* ModelData.swift in Sources */,
			);
			runOnlyForDeploymentPostprocessing = 0;
		};
		C9B6C67E2AD9DF9900D470DF /* Sources */ = {
			isa = PBXSourcesBuildPhase;
			buildActionMask = 2147483647;
			files = (
				C9B6C6872AD9DF9900D470DF /* LandmarksTests.swift in Sources */,
			);
			runOnlyForDeploymentPostprocessing = 0;
		};
		C9B6C6882AD9DF9900D470DF /* Sources */ = {
			isa = PBXSourcesBuildPhase;
			buildActionMask = 2147483647;
			files = (
				C9B6C6932AD9DF9900D470DF /* LandmarksUITestsLaunchTests.swift in Sources */,
				C9B6C6912AD9DF9900D470DF /* LandmarksUITests.swift in Sources */,
			);
			runOnlyForDeploymentPostprocessing = 0;
		};
/* End PBXSourcesBuildPhase section */

/* Begin PBXTargetDependency section */
		C9B6C6842AD9DF9900D470DF /* PBXTargetDependency */ = {
			isa = PBXTargetDependency;
			target = C9B6C6712AD9DF9600D470DF /* Landmarks */;
			targetProxy = C9B6C6832AD9DF9900D470DF /* PBXContainerItemProxy */;
		};
		C9B6C68E2AD9DF9900D470DF /* PBXTargetDependency */ = {
			isa = PBXTargetDependency;
			target = C9B6C6712AD9DF9600D470DF /* Landmarks */;
			targetProxy = C9B6C68D2AD9DF9900D470DF /* PBXContainerItemProxy */;
		};
/* End PBXTargetDependency section */

/* Begin XCBuildConfiguration section */
		C9B6C6942AD9DF9900D470DF /* Debug */ = {
			isa = XCBuildConfiguration;
			buildSettings = {
				ALWAYS_SEARCH_USER_PATHS = NO;
				ASSETCATALOG_COMPILER_GENERATE_SWIFT_ASSET_SYMBOL_EXTENSIONS = YES;
				CLANG_ANALYZER_NONNULL = YES;
				CLANG_ANALYZER_NUMBER_OBJECT_CONVERSION = YES_AGGRESSIVE;
				CLANG_CXX_LANGUAGE_STANDARD = "gnu++20";
				CLANG_ENABLE_MODULES = YES;
				CLANG_ENABLE_OBJC_ARC = YES;
				CLANG_ENABLE_OBJC_WEAK = YES;
				CLANG_WARN_BLOCK_CAPTURE_AUTORELEASING = YES;
				CLANG_WARN_BOOL_CONVERSION = YES;
				CLANG_WARN_COMMA = YES;
				CLANG_WARN_CONSTANT_CONVERSION = YES;
				CLANG_WARN_DEPRECATED_OBJC_IMPLEMENTATIONS = YES;
				CLANG_WARN_DIRECT_OBJC_ISA_USAGE = YES_ERROR;
				CLANG_WARN_DOCUMENTATION_COMMENTS = YES;
				CLANG_WARN_EMPTY_BODY = YES;
				CLANG_WARN_ENUM_CONVERSION = YES;
				CLANG_WARN_INFINITE_RECURSION = YES;
				CLANG_WARN_INT_CONVERSION = YES;
				CLANG_WARN_NON_LITERAL_NULL_CONVERSION = YES;
				CLANG_WARN_OBJC_IMPLICIT_RETAIN_SELF = YES;
				CLANG_WARN_OBJC_LITERAL_CONVERSION = YES;
				CLANG_WARN_OBJC_ROOT_CLASS = YES_ERROR;
				CLANG_WARN_QUOTED_INCLUDE_IN_FRAMEWORK_HEADER = YES;
				CLANG_WARN_RANGE_LOOP_ANALYSIS = YES;
				CLANG_WARN_STRICT_PROTOTYPES = YES;
				CLANG_WARN_SUSPICIOUS_MOVE = YES;
				CLANG_WARN_UNGUARDED_AVAILABILITY = YES_AGGRESSIVE;
				CLANG_WARN_UNREACHABLE_CODE = YES;
				CLANG_WARN__DUPLICATE_METHOD_MATCH = YES;
				COPY_PHASE_STRIP = NO;
				DEBUG_INFORMATION_FORMAT = dwarf;
				ENABLE_STRICT_OBJC_MSGSEND = YES;
				ENABLE_TESTABILITY = YES;
				ENABLE_USER_SCRIPT_SANDBOXING = YES;
				GCC_C_LANGUAGE_STANDARD = gnu17;
				GCC_DYNAMIC_NO_PIC = NO;
				GCC_NO_COMMON_BLOCKS = YES;
				GCC_OPTIMIZATION_LEVEL = 0;
				GCC_PREPROCESSOR_DEFINITIONS = (
					"DEBUG=1",
					"$(inherited)",
				);
				GCC_WARN_64_TO_32_BIT_CONVERSION = YES;
				GCC_WARN_ABOUT_RETURN_TYPE = YES_ERROR;
				GCC_WARN_UNDECLARED_SELECTOR = YES;
				GCC_WARN_UNINITIALIZED_AUTOS = YES_AGGRESSIVE;
				GCC_WARN_UNUSED_FUNCTION = YES;
				GCC_WARN_UNUSED_VARIABLE = YES;
				IPHONEOS_DEPLOYMENT_TARGET = 17.0;
				LOCALIZATION_PREFERS_STRING_CATALOGS = YES;
				MTL_ENABLE_DEBUG_INFO = INCLUDE_SOURCE;
				MTL_FAST_MATH = YES;
				ONLY_ACTIVE_ARCH = YES;
				SDKROOT = iphoneos;
				SWIFT_ACTIVE_COMPILATION_CONDITIONS = "DEBUG $(inherited)";
				SWIFT_OPTIMIZATION_LEVEL = "-Onone";
			};
			name = Debug;
		};
		C9B6C6952AD9DF9900D470DF /* Release */ = {
			isa = XCBuildConfiguration;
			buildSettings = {
				ALWAYS_SEARCH_USER_PATHS = NO;
				ASSETCATALOG_COMPILER_GENERATE_SWIFT_ASSET_SYMBOL_EXTENSIONS = YES;
				CLANG_ANALYZER_NONNULL = YES;
				CLANG_ANALYZER_NUMBER_OBJECT_CONVERSION = YES_AGGRESSIVE;
				CLANG_CXX_LANGUAGE_STANDARD = "gnu++20";
				CLANG_ENABLE_MODULES = YES;
				CLANG_ENABLE_OBJC_ARC = YES;
				CLANG_ENABLE_OBJC_WEAK = YES;
				CLANG_WARN_BLOCK_CAPTURE_AUTORELEASING = YES;
				CLANG_WARN_BOOL_CONVERSION = YES;
				CLANG_WARN_COMMA = YES;
				CLANG_WARN_CONSTANT_CONVERSION = YES;
				CLANG_WARN_DEPRECATED_OBJC_IMPLEMENTATIONS = YES;
				CLANG_WARN_DIRECT_OBJC_ISA_USAGE = YES_ERROR;
				CLANG_WARN_DOCUMENTATION_COMMENTS = YES;
				CLANG_WARN_EMPTY_BODY = YES;
				CLANG_WARN_ENUM_CONVERSION = YES;
				CLANG_WARN_INFINITE_RECURSION = YES;
				CLANG_WARN_INT_CONVERSION = YES;
				CLANG_WARN_NON_LITERAL_NULL_CONVERSION = YES;
				CLANG_WARN_OBJC_IMPLICIT_RETAIN_SELF = YES;
				CLANG_WARN_OBJC_LITERAL_CONVERSION = YES;
				CLANG_WARN_OBJC_ROOT_CLASS = YES_ERROR;
				CLANG_WARN_QUOTED_INCLUDE_IN_FRAMEWORK_HEADER = YES;
				CLANG_WARN_RANGE_LOOP_ANALYSIS = YES;
				CLANG_WARN_STRICT_PROTOTYPES = YES;
				CLANG_WARN_SUSPICIOUS_MOVE = YES;
				CLANG_WARN_UNGUARDED_AVAILABILITY = YES_AGGRESSIVE;
				CLANG_WARN_UNREACHABLE_CODE = YES;
				CLANG_WARN__DUPLICATE_METHOD_MATCH = YES;
				COPY_PHASE_STRIP = NO;
				DEBUG_INFORMATION_FORMAT = "dwarf-with-dsym";
				ENABLE_NS_ASSERTIONS = NO;
				ENABLE_STRICT_OBJC_MSGSEND = YES;
				ENABLE_USER_SCRIPT_SANDBOXING = YES;
				GCC_C_LANGUAGE_STANDARD = gnu17;
				GCC_NO_COMMON_BLOCKS = YES;
				GCC_WARN_64_TO_32_BIT_CONVERSION = YES;
				GCC_WARN_ABOUT_RETURN_TYPE = YES_ERROR;
				GCC_WARN_UNDECLARED_SELECTOR = YES;
				GCC_WARN_UNINITIALIZED_AUTOS = YES_AGGRESSIVE;
				GCC_WARN_UNUSED_FUNCTION = YES;
				GCC_WARN_UNUSED_VARIABLE = YES;
				IPHONEOS_DEPLOYMENT_TARGET = 17.0;
				LOCALIZATION_PREFERS_STRING_CATALOGS = YES;
				MTL_ENABLE_DEBUG_INFO = NO;
				MTL_FAST_MATH = YES;
				SDKROOT = iphoneos;
				SWIFT_COMPILATION_MODE = wholemodule;
				VALIDATE_PRODUCT = YES;
			};
			name = Release;
		};
		C9B6C6972AD9DF9A00D470DF /* Debug */ = {
			isa = XCBuildConfiguration;
			buildSettings = {
				ASSETCATALOG_COMPILER_APPICON_NAME = AppIcon;
				ASSETCATALOG_COMPILER_GLOBAL_ACCENT_COLOR_NAME = AccentColor;
				CODE_SIGN_STYLE = Automatic;
				CURRENT_PROJECT_VERSION = 1;
				DEVELOPMENT_ASSET_PATHS = "\"Landmarks/Preview Content\"";
				DEVELOPMENT_TEAM = QJA8ZR3X96;
				ENABLE_PREVIEWS = YES;
				GENERATE_INFOPLIST_FILE = YES;
				INFOPLIST_KEY_UIApplicationSceneManifest_Generation = YES;
				INFOPLIST_KEY_UIApplicationSupportsIndirectInputEvents = YES;
				INFOPLIST_KEY_UILaunchScreen_Generation = YES;
				INFOPLIST_KEY_UISupportedInterfaceOrientations_iPad = "UIInterfaceOrientationPortrait UIInterfaceOrientationPortraitUpsideDown UIInterfaceOrientationLandscapeLeft UIInterfaceOrientationLandscapeRight";
				INFOPLIST_KEY_UISupportedInterfaceOrientations_iPhone = "UIInterfaceOrientationPortrait UIInterfaceOrientationLandscapeLeft UIInterfaceOrientationLandscapeRight";
				LD_RUNPATH_SEARCH_PATHS = (
					"$(inherited)",
					"@executable_path/Frameworks",
				);
				MARKETING_VERSION = 1.0;
				PRODUCT_BUNDLE_IDENTIFIER = com.Landmarks;
				PRODUCT_NAME = "$(TARGET_NAME)";
				SWIFT_EMIT_LOC_STRINGS = YES;
				SWIFT_VERSION = 5.0;
				TARGETED_DEVICE_FAMILY = "1,2";
			};
			name = Debug;
		};
		C9B6C6982AD9DF9A00D470DF /* Release */ = {
			isa = XCBuildConfiguration;
			buildSettings = {
				ASSETCATALOG_COMPILER_APPICON_NAME = AppIcon;
				ASSETCATALOG_COMPILER_GLOBAL_ACCENT_COLOR_NAME = AccentColor;
				CODE_SIGN_STYLE = Automatic;
				CURRENT_PROJECT_VERSION = 1;
				DEVELOPMENT_ASSET_PATHS = "\"Landmarks/Preview Content\"";
				DEVELOPMENT_TEAM = QJA8ZR3X96;
				ENABLE_PREVIEWS = YES;
				GENERATE_INFOPLIST_FILE = YES;
				INFOPLIST_KEY_UIApplicationSceneManifest_Generation = YES;
				INFOPLIST_KEY_UIApplicationSupportsIndirectInputEvents = YES;
				INFOPLIST_KEY_UILaunchScreen_Generation = YES;
				INFOPLIST_KEY_UISupportedInterfaceOrientations_iPad = "UIInterfaceOrientationPortrait UIInterfaceOrientationPortraitUpsideDown UIInterfaceOrientationLandscapeLeft UIInterfaceOrientationLandscapeRight";
				INFOPLIST_KEY_UISupportedInterfaceOrientations_iPhone = "UIInterfaceOrientationPortrait UIInterfaceOrientationLandscapeLeft UIInterfaceOrientationLandscapeRight";
				LD_RUNPATH_SEARCH_PATHS = (
					"$(inherited)",
					"@executable_path/Frameworks",
				);
				MARKETING_VERSION = 1.0;
				PRODUCT_BUNDLE_IDENTIFIER = com.Landmarks;
				PRODUCT_NAME = "$(TARGET_NAME)";
				SWIFT_EMIT_LOC_STRINGS = YES;
				SWIFT_VERSION = 5.0;
				TARGETED_DEVICE_FAMILY = "1,2";
			};
			name = Release;
		};
		C9B6C69A2AD9DF9A00D470DF /* Debug */ = {
			isa = XCBuildConfiguration;
			buildSettings = {
				ALWAYS_EMBED_SWIFT_STANDARD_LIBRARIES = YES;
				BUNDLE_LOADER = "$(TEST_HOST)";
				CODE_SIGN_STYLE = Automatic;
				CURRENT_PROJECT_VERSION = 1;
				DEVELOPMENT_TEAM = QJA8ZR3X96;
				GENERATE_INFOPLIST_FILE = YES;
				IPHONEOS_DEPLOYMENT_TARGET = 17.0;
				MARKETING_VERSION = 1.0;
				PRODUCT_BUNDLE_IDENTIFIER = com.LandmarksTests;
				PRODUCT_NAME = "$(TARGET_NAME)";
				SWIFT_EMIT_LOC_STRINGS = NO;
				SWIFT_VERSION = 5.0;
				TARGETED_DEVICE_FAMILY = "1,2";
				TEST_HOST = "$(BUILT_PRODUCTS_DIR)/Landmarks.app/$(BUNDLE_EXECUTABLE_FOLDER_PATH)/Landmarks";
			};
			name = Debug;
		};
		C9B6C69B2AD9DF9A00D470DF /* Release */ = {
			isa = XCBuildConfiguration;
			buildSettings = {
				ALWAYS_EMBED_SWIFT_STANDARD_LIBRARIES = YES;
				BUNDLE_LOADER = "$(TEST_HOST)";
				CODE_SIGN_STYLE = Automatic;
				CURRENT_PROJECT_VERSION = 1;
				DEVELOPMENT_TEAM = QJA8ZR3X96;
				GENERATE_INFOPLIST_FILE = YES;
				IPHONEOS_DEPLOYMENT_TARGET = 17.0;
				MARKETING_VERSION = 1.0;
				PRODUCT_BUNDLE_IDENTIFIER = com.LandmarksTests;
				PRODUCT_NAME = "$(TARGET_NAME)";
				SWIFT_EMIT_LOC_STRINGS = NO;
				SWIFT_VERSION = 5.0;
				TARGETED_DEVICE_FAMILY = "1,2";
				TEST_HOST = "$(BUILT_PRODUCTS_DIR)/Landmarks.app/$(BUNDLE_EXECUTABLE_FOLDER_PATH)/Landmarks";
			};
			name = Release;
		};
		C9B6C69D2AD9DF9A00D470DF /* Debug */ = {
			isa = XCBuildConfiguration;
			buildSettings = {
				ALWAYS_EMBED_SWIFT_STANDARD_LIBRARIES = YES;
				CODE_SIGN_STYLE = Automatic;
				CURRENT_PROJECT_VERSION = 1;
				DEVELOPMENT_TEAM = QJA8ZR3X96;
				GENERATE_INFOPLIST_FILE = YES;
				MARKETING_VERSION = 1.0;
				PRODUCT_BUNDLE_IDENTIFIER = com.LandmarksUITests;
				PRODUCT_NAME = "$(TARGET_NAME)";
				SWIFT_EMIT_LOC_STRINGS = NO;
				SWIFT_VERSION = 5.0;
				TARGETED_DEVICE_FAMILY = "1,2";
				TEST_TARGET_NAME = Landmarks;
			};
			name = Debug;
		};
		C9B6C69E2AD9DF9A00D470DF /* Release */ = {
			isa = XCBuildConfiguration;
			buildSettings = {
				ALWAYS_EMBED_SWIFT_STANDARD_LIBRARIES = YES;
				CODE_SIGN_STYLE = Automatic;
				CURRENT_PROJECT_VERSION = 1;
				DEVELOPMENT_TEAM = QJA8ZR3X96;
				GENERATE_INFOPLIST_FILE = YES;
				MARKETING_VERSION = 1.0;
				PRODUCT_BUNDLE_IDENTIFIER = com.LandmarksUITests;
				PRODUCT_NAME = "$(TARGET_NAME)";
				SWIFT_EMIT_LOC_STRINGS = NO;
				SWIFT_VERSION = 5.0;
				TARGETED_DEVICE_FAMILY = "1,2";
				TEST_TARGET_NAME = Landmarks;
			};
			name = Release;
		};
/* End XCBuildConfiguration section */

/* Begin XCConfigurationList section */
		C9B6C66D2AD9DF9600D470DF /* Build configuration list for PBXProject "Landmarks" */ = {
			isa = XCConfigurationList;
			buildConfigurations = (
				C9B6C6942AD9DF9900D470DF /* Debug */,
				C9B6C6952AD9DF9900D470DF /* Release */,
			);
			defaultConfigurationIsVisible = 0;
			defaultConfigurationName = Release;
		};
		C9B6C6962AD9DF9A00D470DF /* Build configuration list for PBXNativeTarget "Landmarks" */ = {
			isa = XCConfigurationList;
			buildConfigurations = (
				C9B6C6972AD9DF9A00D470DF /* Debug */,
				C9B6C6982AD9DF9A00D470DF /* Release */,
			);
			defaultConfigurationIsVisible = 0;
			defaultConfigurationName = Release;
		};
		C9B6C6992AD9DF9A00D470DF /* Build configuration list for PBXNativeTarget "LandmarksTests" */ = {
			isa = XCConfigurationList;
			buildConfigurations = (
				C9B6C69A2AD9DF9A00D470DF /* Debug */,
				C9B6C69B2AD9DF9A00D470DF /* Release */,
			);
			defaultConfigurationIsVisible = 0;
			defaultConfigurationName = Release;
		};
		C9B6C69C2AD9DF9A00D470DF /* Build configuration list for PBXNativeTarget "LandmarksUITests" */ = {
			isa = XCConfigurationList;
			buildConfigurations = (
				C9B6C69D2AD9DF9A00D470DF /* Debug */,
				C9B6C69E2AD9DF9A00D470DF /* Release */,
			);
			defaultConfigurationIsVisible = 0;
			defaultConfigurationName = Release;
		};
/* End XCConfigurationList section */
	};
	rootObject = C9B6C66A2AD9DF9600D470DF /* Project object */;
}
